github.com/beevik/cmd v0.1.0 h1:YnF+sdu83b6IFImC7Haj8CbrdQMheHceaBRuLXBYyrw=
github.com/beevik/cmd v0.1.0/go.mod h1:8n0HqXssbdhcK0pxJhwKdKyxCtJ43Eq0VA4zmX8LIOM=
github.com/beevik/prefixtree v0.1.0 h1:PXpUk0P2cjOmOOQdmEau4dQf4VJZGrEZeeRalU0lZJQ=
github.com/beevik/prefixtree v0.1.0/go.mod h1:1lG3cN9NViY9ax2G6eXi23ezkIgTOHYd7grvYHOSrZg=
